<?xml version="1.0"?>
<Project ToolsVersion="4.0" xmlns="http://schemas.microsoft.com/developer/msbuild/2003">
	<ItemGroup>
		<ClCompile Include="src\ofApp.cpp">
			<Filter>src</Filter>
		</ClCompile>
		<ClCompile Include="src\main.cpp">
			<Filter>src</Filter>
		</ClCompile>
		<ClCompile Include="..\..\..\addons\ofxTonic\src\ofxTonicSynth.cpp">
			<Filter>addons\ofxTonic\src</Filter>
		</ClCompile>
		<ClCompile Include="..\..\..\addons\ofxTonic\src\Tonic\ADSR.cpp">
			<Filter>addons\ofxTonic\src\Tonic</Filter>
		</ClCompile>
		<ClCompile Include="..\..\..\addons\ofxTonic\src\Tonic\Arithmetic.cpp">
			<Filter>addons\ofxTonic\src\Tonic</Filter>
		</ClCompile>
		<ClCompile Include="..\..\..\addons\ofxTonic\src\Tonic\BasicDelay.cpp">
			<Filter>addons\ofxTonic\src\Tonic</Filter>
		</ClCompile>
		<ClCompile Include="..\..\..\addons\ofxTonic\src\Tonic\BufferFiller.cpp">
			<Filter>addons\ofxTonic\src\Tonic</Filter>
		</ClCompile>
		<ClCompile Include="..\..\..\addons\ofxTonic\src\Tonic\CombFilter.cpp">
			<Filter>addons\ofxTonic\src\Tonic</Filter>
		</ClCompile>
		<ClCompile Include="..\..\..\addons\ofxTonic\src\Tonic\CompressorLimiter.cpp">
			<Filter>addons\ofxTonic\src\Tonic</Filter>
		</ClCompile>
		<ClCompile Include="..\..\..\addons\ofxTonic\src\Tonic\ControlArithmetic.cpp">
			<Filter>addons\ofxTonic\src\Tonic</Filter>
		</ClCompile>
		<ClCompile Include="..\..\..\addons\ofxTonic\src\Tonic\ControlChangeNotifier.cpp">
			<Filter>addons\ofxTonic\src\Tonic</Filter>
		</ClCompile>
		<ClCompile Include="..\..\..\addons\ofxTonic\src\Tonic\ControlComparison.cpp">
			<Filter>addons\ofxTonic\src\Tonic</Filter>
		</ClCompile>
		<ClCompile Include="..\..\..\addons\ofxTonic\src\Tonic\ControlConditioner.cpp">
			<Filter>addons\ofxTonic\src\Tonic</Filter>
		</ClCompile>
		<ClCompile Include="..\..\..\addons\ofxTonic\src\Tonic\ControlCounter.cpp">
			<Filter>addons\ofxTonic\src\Tonic</Filter>
		</ClCompile>
		<ClCompile Include="..\..\..\addons\ofxTonic\src\Tonic\ControlDbToLinear.cpp">
			<Filter>addons\ofxTonic\src\Tonic</Filter>
		</ClCompile>
		<ClCompile Include="..\..\..\addons\ofxTonic\src\Tonic\ControlDelay.cpp">
			<Filter>addons\ofxTonic\src\Tonic</Filter>
		</ClCompile>
		<ClCompile Include="..\..\..\addons\ofxTonic\src\Tonic\ControlFloor.cpp">
			<Filter>addons\ofxTonic\src\Tonic</Filter>
		</ClCompile>
		<ClCompile Include="..\..\..\addons\ofxTonic\src\Tonic\ControlGenerator.cpp">
			<Filter>addons\ofxTonic\src\Tonic</Filter>
		</ClCompile>
		<ClCompile Include="..\..\..\addons\ofxTonic\src\Tonic\ControlMetro.cpp">
			<Filter>addons\ofxTonic\src\Tonic</Filter>
		</ClCompile>
		<ClCompile Include="..\..\..\addons\ofxTonic\src\Tonic\ControlMetroDivider.cpp">
			<Filter>addons\ofxTonic\src\Tonic</Filter>
		</ClCompile>
		<ClCompile Include="..\..\..\addons\ofxTonic\src\Tonic\ControlMidiToFreq.cpp">
			<Filter>addons\ofxTonic\src\Tonic</Filter>
		</ClCompile>
		<ClCompile Include="..\..\..\addons\ofxTonic\src\Tonic\ControlParameter.cpp">
			<Filter>addons\ofxTonic\src\Tonic</Filter>
		</ClCompile>
		<ClCompile Include="..\..\..\addons\ofxTonic\src\Tonic\ControlPrinter.cpp">
			<Filter>addons\ofxTonic\src\Tonic</Filter>
		</ClCompile>
		<ClCompile Include="..\..\..\addons\ofxTonic\src\Tonic\ControlPulse.cpp">
			<Filter>addons\ofxTonic\src\Tonic</Filter>
		</ClCompile>
		<ClCompile Include="..\..\..\addons\ofxTonic\src\Tonic\ControlRandom.cpp">
			<Filter>addons\ofxTonic\src\Tonic</Filter>
		</ClCompile>
		<ClCompile Include="..\..\..\addons\ofxTonic\src\Tonic\ControlRecorder.cpp">
			<Filter>addons\ofxTonic\src\Tonic</Filter>
		</ClCompile>
		<ClCompile Include="..\..\..\addons\ofxTonic\src\Tonic\ControlSnapToScale.cpp">
			<Filter>addons\ofxTonic\src\Tonic</Filter>
		</ClCompile>
		<ClCompile Include="..\..\..\addons\ofxTonic\src\Tonic\ControlStepper.cpp">
			<Filter>addons\ofxTonic\src\Tonic</Filter>
		</ClCompile>
		<ClCompile Include="..\..\..\addons\ofxTonic\src\Tonic\ControlSwitcher.cpp">
			<Filter>addons\ofxTonic\src\Tonic</Filter>
		</ClCompile>
		<ClCompile Include="..\..\..\addons\ofxTonic\src\Tonic\ControlTrigger.cpp">
			<Filter>addons\ofxTonic\src\Tonic</Filter>
		</ClCompile>
		<ClCompile Include="..\..\..\addons\ofxTonic\src\Tonic\ControlValue.cpp">
			<Filter>addons\ofxTonic\src\Tonic</Filter>
		</ClCompile>
		<ClCompile Include="..\..\..\addons\ofxTonic\src\Tonic\ControlXYSpeed.cpp">
			<Filter>addons\ofxTonic\src\Tonic</Filter>
		</ClCompile>
		<ClCompile Include="..\..\..\addons\ofxTonic\src\Tonic\DelayUtils.cpp">
			<Filter>addons\ofxTonic\src\Tonic</Filter>
		</ClCompile>
		<ClCompile Include="..\..\..\addons\ofxTonic\src\Tonic\Effect.cpp">
			<Filter>addons\ofxTonic\src\Tonic</Filter>
		</ClCompile>
		<ClCompile Include="..\..\..\addons\ofxTonic\src\Tonic\Filters.cpp">
			<Filter>addons\ofxTonic\src\Tonic</Filter>
		</ClCompile>
		<ClCompile Include="..\..\..\addons\ofxTonic\src\Tonic\FilterUtils.cpp">
			<Filter>addons\ofxTonic\src\Tonic</Filter>
		</ClCompile>
		<ClCompile Include="..\..\..\addons\ofxTonic\src\Tonic\FixedValue.cpp">
			<Filter>addons\ofxTonic\src\Tonic</Filter>
		</ClCompile>
		<ClCompile Include="..\..\..\addons\ofxTonic\src\Tonic\Generator.cpp">
			<Filter>addons\ofxTonic\src\Tonic</Filter>
		</ClCompile>
		<ClCompile Include="..\..\..\addons\ofxTonic\src\Tonic\LFNoise.cpp">
			<Filter>addons\ofxTonic\src\Tonic</Filter>
		</ClCompile>
		<ClCompile Include="..\..\..\addons\ofxTonic\src\Tonic\Mixer.cpp">
			<Filter>addons\ofxTonic\src\Tonic</Filter>
		</ClCompile>
		<ClCompile Include="..\..\..\addons\ofxTonic\src\Tonic\MonoToStereoPanner.cpp">
			<Filter>addons\ofxTonic\src\Tonic</Filter>
		</ClCompile>
		<ClCompile Include="..\..\..\addons\ofxTonic\src\Tonic\Noise.cpp">
			<Filter>addons\ofxTonic\src\Tonic</Filter>
		</ClCompile>
		<ClCompile Include="..\..\..\addons\ofxTonic\src\Tonic\RampedValue.cpp">
			<Filter>addons\ofxTonic\src\Tonic</Filter>
		</ClCompile>
		<ClCompile Include="..\..\..\addons\ofxTonic\src\Tonic\RectWave.cpp">
			<Filter>addons\ofxTonic\src\Tonic</Filter>
		</ClCompile>
		<ClCompile Include="..\..\..\addons\ofxTonic\src\Tonic\Reverb.cpp">
			<Filter>addons\ofxTonic\src\Tonic</Filter>
		</ClCompile>
		<ClCompile Include="..\..\..\addons\ofxTonic\src\Tonic\RingBuffer.cpp">
			<Filter>addons\ofxTonic\src\Tonic</Filter>
		</ClCompile>
		<ClCompile Include="..\..\..\addons\ofxTonic\src\Tonic\SampleTable.cpp">
			<Filter>addons\ofxTonic\src\Tonic</Filter>
		</ClCompile>
		<ClCompile Include="..\..\..\addons\ofxTonic\src\Tonic\SawtoothWave.cpp">
			<Filter>addons\ofxTonic\src\Tonic</Filter>
		</ClCompile>
		<ClCompile Include="..\..\..\addons\ofxTonic\src\Tonic\SineWave.cpp">
			<Filter>addons\ofxTonic\src\Tonic</Filter>
		</ClCompile>
		<ClCompile Include="..\..\..\addons\ofxTonic\src\Tonic\StereoDelay.cpp">
			<Filter>addons\ofxTonic\src\Tonic</Filter>
		</ClCompile>
		<ClCompile Include="..\..\..\addons\ofxTonic\src\Tonic\Synth.cpp">
			<Filter>addons\ofxTonic\src\Tonic</Filter>
		</ClCompile>
		<ClCompile Include="..\..\..\addons\ofxTonic\src\Tonic\TableLookupOsc.cpp">
			<Filter>addons\ofxTonic\src\Tonic</Filter>
		</ClCompile>
		<ClCompile Include="..\..\..\addons\ofxTonic\src\Tonic\TonicFrames.cpp">
			<Filter>addons\ofxTonic\src\Tonic</Filter>
		</ClCompile>
	</ItemGroup>
	<ItemGroup>
		<Filter Include="src">
			<UniqueIdentifier>{d8376475-7454-4a24-b08a-aac121d3ad6f}</UniqueIdentifier>
		</Filter>
		<Filter Include="addons">
			<UniqueIdentifier>{71834F65-F3A9-211E-73B8-DC85}</UniqueIdentifier>
		</Filter>
		<Filter Include="addons\ofxTonic">
			<UniqueIdentifier>{D0642CB4-277B-9944-1768-1769}</UniqueIdentifier>
		</Filter>
		<Filter Include="addons\ofxTonic\src">
			<UniqueIdentifier>{78BC1069-C878-A9F1-7D41-1EAF}</UniqueIdentifier>
		</Filter>
		<Filter Include="addons\ofxTonic\src\Tonic">
			<UniqueIdentifier>{1190A7D4-D6DA-D3CA-5962-0EFD}</UniqueIdentifier>
		</Filter>
	</ItemGroup>
	<ItemGroup>
		<ClInclude Include="src\ofApp.h">
			<Filter>src</Filter>
		</ClInclude>
		<ClInclude Include="..\..\..\addons\ofxTonic\src\ofxTonic.h">
			<Filter>addons\ofxTonic\src</Filter>
		</ClInclude>
		<ClInclude Include="..\..\..\addons\ofxTonic\src\ofxTonicSynth.h">
			<Filter>addons\ofxTonic\src</Filter>
		</ClInclude>
		<ClInclude Include="..\..\..\addons\ofxTonic\src\Tonic\ADSR.h">
			<Filter>addons\ofxTonic\src\Tonic</Filter>
		</ClInclude>
		<ClInclude Include="..\..\..\addons\ofxTonic\src\Tonic\Arithmetic.h">
			<Filter>addons\ofxTonic\src\Tonic</Filter>
		</ClInclude>
		<ClInclude Include="..\..\..\addons\ofxTonic\src\Tonic\BasicDelay.h">
			<Filter>addons\ofxTonic\src\Tonic</Filter>
		</ClInclude>
		<ClInclude Include="..\..\..\addons\ofxTonic\src\Tonic\BufferFiller.h">
			<Filter>addons\ofxTonic\src\Tonic</Filter>
		</ClInclude>
		<ClInclude Include="..\..\..\addons\ofxTonic\src\Tonic\CombFilter.h">
			<Filter>addons\ofxTonic\src\Tonic</Filter>
		</ClInclude>
		<ClInclude Include="..\..\..\addons\ofxTonic\src\Tonic\CompressorLimiter.h">
			<Filter>addons\ofxTonic\src\Tonic</Filter>
		</ClInclude>
		<ClInclude Include="..\..\..\addons\ofxTonic\src\Tonic\ControlArithmetic.h">
			<Filter>addons\ofxTonic\src\Tonic</Filter>
		</ClInclude>
		<ClInclude Include="..\..\..\addons\ofxTonic\src\Tonic\ControlChangeNotifier.h">
			<Filter>addons\ofxTonic\src\Tonic</Filter>
		</ClInclude>
		<ClInclude Include="..\..\..\addons\ofxTonic\src\Tonic\ControlComparison.h">
			<Filter>addons\ofxTonic\src\Tonic</Filter>
		</ClInclude>
		<ClInclude Include="..\..\..\addons\ofxTonic\src\Tonic\ControlConditioner.h">
			<Filter>addons\ofxTonic\src\Tonic</Filter>
		</ClInclude>
		<ClInclude Include="..\..\..\addons\ofxTonic\src\Tonic\ControlCounter.h">
			<Filter>addons\ofxTonic\src\Tonic</Filter>
		</ClInclude>
		<ClInclude Include="..\..\..\addons\ofxTonic\src\Tonic\ControlDbToLinear.h">
			<Filter>addons\ofxTonic\src\Tonic</Filter>
		</ClInclude>
		<ClInclude Include="..\..\..\addons\ofxTonic\src\Tonic\ControlDelay.h">
			<Filter>addons\ofxTonic\src\Tonic</Filter>
		</ClInclude>
		<ClInclude Include="..\..\..\addons\ofxTonic\src\Tonic\ControlFloor.h">
			<Filter>addons\ofxTonic\src\Tonic</Filter>
		</ClInclude>
		<ClInclude Include="..\..\..\addons\ofxTonic\src\Tonic\ControlGenerator.h">
			<Filter>addons\ofxTonic\src\Tonic</Filter>
		</ClInclude>
		<ClInclude Include="..\..\..\addons\ofxTonic\src\Tonic\ControlMetro.h">
			<Filter>addons\ofxTonic\src\Tonic</Filter>
		</ClInclude>
		<ClInclude Include="..\..\..\addons\ofxTonic\src\Tonic\ControlMetroDivider.h">
			<Filter>addons\ofxTonic\src\Tonic</Filter>
		</ClInclude>
		<ClInclude Include="..\..\..\addons\ofxTonic\src\Tonic\ControlMidiToFreq.h">
			<Filter>addons\ofxTonic\src\Tonic</Filter>
		</ClInclude>
		<ClInclude Include="..\..\..\addons\ofxTonic\src\Tonic\ControlParameter.h">
			<Filter>addons\ofxTonic\src\Tonic</Filter>
		</ClInclude>
		<ClInclude Include="..\..\..\addons\ofxTonic\src\Tonic\ControlPrinter.h">
			<Filter>addons\ofxTonic\src\Tonic</Filter>
		</ClInclude>
		<ClInclude Include="..\..\..\addons\ofxTonic\src\Tonic\ControlPulse.h">
			<Filter>addons\ofxTonic\src\Tonic</Filter>
		</ClInclude>
		<ClInclude Include="..\..\..\addons\ofxTonic\src\Tonic\ControlRandom.h">
			<Filter>addons\ofxTonic\src\Tonic</Filter>
		</ClInclude>
		<ClInclude Include="..\..\..\addons\ofxTonic\src\Tonic\ControlRecorder.h">
			<Filter>addons\ofxTonic\src\Tonic</Filter>
		</ClInclude>
		<ClInclude Include="..\..\..\addons\ofxTonic\src\Tonic\ControlSnapToScale.h">
			<Filter>addons\ofxTonic\src\Tonic</Filter>
		</ClInclude>
		<ClInclude Include="..\..\..\addons\ofxTonic\src\Tonic\ControlStepper.h">
			<Filter>addons\ofxTonic\src\Tonic</Filter>
		</ClInclude>
		<ClInclude Include="..\..\..\addons\ofxTonic\src\Tonic\ControlSwitcher.h">
			<Filter>addons\ofxTonic\src\Tonic</Filter>
		</ClInclude>
		<ClInclude Include="..\..\..\addons\ofxTonic\src\Tonic\ControlTrigger.h">
			<Filter>addons\ofxTonic\src\Tonic</Filter>
		</ClInclude>
		<ClInclude Include="..\..\..\addons\ofxTonic\src\Tonic\ControlValue.h">
			<Filter>addons\ofxTonic\src\Tonic</Filter>
		</ClInclude>
		<ClInclude Include="..\..\..\addons\ofxTonic\src\Tonic\ControlXYSpeed.h">
			<Filter>addons\ofxTonic\src\Tonic</Filter>
		</ClInclude>
		<ClInclude Include="..\..\..\addons\ofxTonic\src\Tonic\DelayUtils.h">
			<Filter>addons\ofxTonic\src\Tonic</Filter>
		</ClInclude>
		<ClInclude Include="..\..\..\addons\ofxTonic\src\Tonic\Effect.h">
			<Filter>addons\ofxTonic\src\Tonic</Filter>
		</ClInclude>
		<ClInclude Include="..\..\..\addons\ofxTonic\src\Tonic\Filters.h">
			<Filter>addons\ofxTonic\src\Tonic</Filter>
		</ClInclude>
		<ClInclude Include="..\..\..\addons\ofxTonic\src\Tonic\FilterUtils.h">
			<Filter>addons\ofxTonic\src\Tonic</Filter>
		</ClInclude>
		<ClInclude Include="..\..\..\addons\ofxTonic\src\Tonic\FixedValue.h">
			<Filter>addons\ofxTonic\src\Tonic</Filter>
		</ClInclude>
		<ClInclude Include="..\..\..\addons\ofxTonic\src\Tonic\Generator.h">
			<Filter>addons\ofxTonic\src\Tonic</Filter>
		</ClInclude>
		<ClInclude Include="..\..\..\addons\ofxTonic\src\Tonic\LFNoise.h">
			<Filter>addons\ofxTonic\src\Tonic</Filter>
		</ClInclude>
		<ClInclude Include="..\..\..\addons\ofxTonic\src\Tonic\Mixer.h">
			<Filter>addons\ofxTonic\src\Tonic</Filter>
		</ClInclude>
		<ClInclude Include="..\..\..\addons\ofxTonic\src\Tonic\MonoToStereoPanner.h">
			<Filter>addons\ofxTonic\src\Tonic</Filter>
		</ClInclude>
		<ClInclude Include="..\..\..\addons\ofxTonic\src\Tonic\Noise.h">
			<Filter>addons\ofxTonic\src\Tonic</Filter>
		</ClInclude>
		<ClInclude Include="..\..\..\addons\ofxTonic\src\Tonic\RampedValue.h">
			<Filter>addons\ofxTonic\src\Tonic</Filter>
		</ClInclude>
		<ClInclude Include="..\..\..\addons\ofxTonic\src\Tonic\RectWave.h">
			<Filter>addons\ofxTonic\src\Tonic</Filter>
		</ClInclude>
		<ClInclude Include="..\..\..\addons\ofxTonic\src\Tonic\Reverb.h">
			<Filter>addons\ofxTonic\src\Tonic</Filter>
		</ClInclude>
		<ClInclude Include="..\..\..\addons\ofxTonic\src\Tonic\RingBuffer.h">
			<Filter>addons\ofxTonic\src\Tonic</Filter>
		</ClInclude>
		<ClInclude Include="..\..\..\addons\ofxTonic\src\Tonic\SampleTable.h">
			<Filter>addons\ofxTonic\src\Tonic</Filter>
		</ClInclude>
		<ClInclude Include="..\..\..\addons\ofxTonic\src\Tonic\SawtoothWave.h">
			<Filter>addons\ofxTonic\src\Tonic</Filter>
		</ClInclude>
		<ClInclude Include="..\..\..\addons\ofxTonic\src\Tonic\SineWave.h">
			<Filter>addons\ofxTonic\src\Tonic</Filter>
		</ClInclude>
		<ClInclude Include="..\..\..\addons\ofxTonic\src\Tonic\SquareWave.h">
			<Filter>addons\ofxTonic\src\Tonic</Filter>
		</ClInclude>
		<ClInclude Include="..\..\..\addons\ofxTonic\src\Tonic\StereoDelay.h">
			<Filter>addons\ofxTonic\src\Tonic</Filter>
		</ClInclude>
		<ClInclude Include="..\..\..\addons\ofxTonic\src\Tonic\Synth.h">
			<Filter>addons\ofxTonic\src\Tonic</Filter>
		</ClInclude>
		<ClInclude Include="..\..\..\addons\ofxTonic\src\Tonic\TableLookupOsc.h">
			<Filter>addons\ofxTonic\src\Tonic</Filter>
		</ClInclude>
		<ClInclude Include="..\..\..\addons\ofxTonic\src\Tonic\TonicCore.h">
			<Filter>addons\ofxTonic\src\Tonic</Filter>
		</ClInclude>
		<ClInclude Include="..\..\..\addons\ofxTonic\src\Tonic\TonicFrames.h">
			<Filter>addons\ofxTonic\src\Tonic</Filter>
		</ClInclude>
		<ClInclude Include="..\..\..\addons\ofxTonic\src\Tonic\TriangleWave.h">
			<Filter>addons\ofxTonic\src\Tonic</Filter>
		</ClInclude>
		<ClInclude Include="..\..\..\addons\ofxTonic\src\Tonic.h">
			<Filter>addons\ofxTonic\src</Filter>
		</ClInclude>
	</ItemGroup>
	<ItemGroup>
		<ResourceCompile Include="icon.rc" />
	</ItemGroup>
</Project>
